
Microsoft Visual Studio Solution File, Format Version 12.00
# Visual Studio Version 17
VisualStudioVersion = 17.10.35122.118
MinimumVisualStudioVersion = 10.0.40219.1
Project("{FAE04EC0-301F-11D3-BF4B-00C04F79EFBC}") = "NameDayOfWeek", "NameDayOfWeek\NameDayOfWeek.csproj", "{A8C19205-1754-41B5-AA9A-0BEFB059010E}"
EndProject
Global
	GlobalSection(SolutionConfigurationPlatforms) = preSolution
		Debug|Any CPU = Debug|Any CPU
		Release|Any CPU = Release|Any CPU
	EndGlobalSection
	GlobalSection(ProjectConfigurationPlatforms) = postSolution
		{A8C19205-1754-41B5-AA9A-0BEFB059010E}.Debug|Any CPU.ActiveCfg = Debug|Any CPU
		{A8C19205-1754-41B5-AA9A-0BEFB059010E}.Debug|Any CPU.Build.0 = Debug|Any CPU
		{A8C19205-1754-41B5-AA9A-0BEFB059010E}.Release|Any CPU.ActiveCfg = Release|Any CPU
		{A8C19205-1754-41B5-AA9A-0BEFB059010E}.Release|Any CPU.Build.0 = Release|Any CPU
	EndGlobalSection
	GlobalSection(SolutionProperties) = preSolution
		HideSolutionNode = FALSE
	EndGlobalSection
	GlobalSection(ExtensibilityGlobals) = postSolution
		SolutionGuid = {DE6B0E7A-FAFA-4048-85C6-E3CE74A2FD48}
	EndGlobalSection
EndGlobal
